lockfileVersion: '9.0'

settings:
  autoInstallPeers: true
  excludeLinksFromLockfile: false

importers:

  .:
    dependencies:
      marked:
        specifier: ^4.0.0
        version: 4.3.0

packages:

  marked@4.3.0:
    resolution: {integrity: sha512-PRsaiG84bK+AMvxziE/lCFss8juXjNaWzVbN5tXAm4XjeaS9NAHhop+PjQxz2A9h8Q4M/xGmzP8vqNwy6JeK0A==}
    engines: {node: '>= 12'}
    hasBin: true

snapshots:

  marked@4.3.0: {}
